// !$*UTF8*$!
{
	archiveVersion = 1;
	classes = {
	};
	objectVersion = 46;
	objects = {

/* Begin PBXBuildFile section */
		1F9BD3FF15D6F44600B4D1FE /* UIKit.framework in Frameworks */ = {isa = PBXBuildFile; fileRef = 1F9BD3FE15D6F44600B4D1FE /* UIKit.framework */; };
		1F9BD40115D6F44600B4D1FE /* Foundation.framework in Frameworks */ = {isa = PBXBuildFile; fileRef = 1F9BD40015D6F44600B4D1FE /* Foundation.framework */; };
		1F9BD40315D6F44600B4D1FE /* CoreGraphics.framework in Frameworks */ = {isa = PBXBuildFile; fileRef = 1F9BD40215D6F44600B4D1FE /* CoreGraphics.framework */; };
		1F9BD40915D6F44600B4D1FE /* InfoPlist.strings in Resources */ = {isa = PBXBuildFile; fileRef = 1F9BD40715D6F44600B4D1FE /* InfoPlist.strings */; };
		1F9BD40B15D6F44600B4D1FE /* main.m in Sources */ = {isa = PBXBuildFile; fileRef = 1F9BD40A15D6F44600B4D1FE /* main.m */; };
		1F9BD40F15D6F44600B4D1FE /* IOVAppDelegate.m in Sources */ = {isa = PBXBuildFile; fileRef = 1F9BD40E15D6F44600B4D1FE /* IOVAppDelegate.m */; };
		1F9BD41215D6F44600B4D1FE /* MainStoryboard.storyboard in Resources */ = {isa = PBXBuildFile; fileRef = 1F9BD41015D6F44600B4D1FE /* MainStoryboard.storyboard */; };
		1F9BD41515D6F44600B4D1FE /* IOVViewController.m in Sources */ = {isa = PBXBuildFile; fileRef = 1F9BD41415D6F44600B4D1FE /* IOVViewController.m */; };
		1F9BD42415DB1E0B00B4D1FE /* CC12-Model.xcdatamodeld in Sources */ = {isa = PBXBuildFile; fileRef = 1F9BD42215DB1E0B00B4D1FE /* CC12-Model.xcdatamodeld */; };
		1F9BD42F15DB297800B4D1FE /* _IOVTweet.m in Sources */ = {isa = PBXBuildFile; fileRef = 1F9BD42815DB297800B4D1FE /* _IOVTweet.m */; };
		1F9BD43015DB297800B4D1FE /* _IOVUser.m in Sources */ = {isa = PBXBuildFile; fileRef = 1F9BD42A15DB297800B4D1FE /* _IOVUser.m */; };
		1F9BD43115DB297800B4D1FE /* IOVTweet.m in Sources */ = {isa = PBXBuildFile; fileRef = 1F9BD42C15DB297800B4D1FE /* IOVTweet.m */; };
		1F9BD43215DB297800B4D1FE /* IOVUser.m in Sources */ = {isa = PBXBuildFile; fileRef = 1F9BD42E15DB297800B4D1FE /* IOVUser.m */; };
		1F9BD43415DB2CF700B4D1FE /* CoreData.framework in Frameworks */ = {isa = PBXBuildFile; fileRef = 1F9BD43315DB2CF700B4D1FE /* CoreData.framework */; };
		1F9BD44415E012AD00B4D1FE /* IOVTweetTableViewCell.m in Sources */ = {isa = PBXBuildFile; fileRef = 1F9BD44315E012AD00B4D1FE /* IOVTweetTableViewCell.m */; };
		1F9BD44815E0221F00B4D1FE /* IOVTweetNetworkStack.m in Sources */ = {isa = PBXBuildFile; fileRef = 1F9BD44715E0221F00B4D1FE /* IOVTweetNetworkStack.m */; };
		1FFF61B815E149A600C7DD81 /* IOVTimelineHandler.m in Sources */ = {isa = PBXBuildFile; fileRef = 1FFF61B715E149A600C7DD81 /* IOVTimelineHandler.m */; };
		1FFF61BB15E149C100C7DD81 /* IOVUserInfoHandler.m in Sources */ = {isa = PBXBuildFile; fileRef = 1FFF61BA15E149C100C7DD81 /* IOVUserInfoHandler.m */; };
		F32AD36BE74145E389822329 /* libPods.a in Frameworks */ = {isa = PBXBuildFile; fileRef = ED77108C72074B9BA45CA73C /* libPods.a */; };
/* End PBXBuildFile section */

/* Begin PBXFileReference section */
		1F59B6B215E14FEF008EA252 /* IOVJSONHandler.h */ = {isa = PBXFileReference; fileEncoding = 4; lastKnownFileType = sourcecode.c.h; path = IOVJSONHandler.h; sourceTree = "<group>"; };
		1F59B6B315E14FEF008EA252 /* IOVJSONHydrator.h */ = {isa = PBXFileReference; fileEncoding = 4; lastKnownFileType = sourcecode.c.h; path = IOVJSONHydrator.h; sourceTree = "<group>"; };
		1F9BD3FA15D6F44600B4D1FE /* CC12-Basic.app */ = {isa = PBXFileReference; explicitFileType = wrapper.application; includeInIndex = 0; path = "CC12-Basic.app"; sourceTree = BUILT_PRODUCTS_DIR; };
		1F9BD3FE15D6F44600B4D1FE /* UIKit.framework */ = {isa = PBXFileReference; includeInIndex = 1; lastKnownFileType = wrapper.framework; name = UIKit.framework; path = System/Library/Frameworks/UIKit.framework; sourceTree = SDKROOT; };
		1F9BD40015D6F44600B4D1FE /* Foundation.framework */ = {isa = PBXFileReference; includeInIndex = 1; lastKnownFileType = wrapper.framework; name = Foundation.framework; path = System/Library/Frameworks/Foundation.framework; sourceTree = SDKROOT; };
		1F9BD40215D6F44600B4D1FE /* CoreGraphics.framework */ = {isa = PBXFileReference; includeInIndex = 1; lastKnownFileType = wrapper.framework; name = CoreGraphics.framework; path = System/Library/Frameworks/CoreGraphics.framework; sourceTree = SDKROOT; };
		1F9BD40615D6F44600B4D1FE /* CC12-Basic-Info.plist */ = {isa = PBXFileReference; lastKnownFileType = text.plist.xml; path = "CC12-Basic-Info.plist"; sourceTree = "<group>"; };
		1F9BD40815D6F44600B4D1FE /* en */ = {isa = PBXFileReference; lastKnownFileType = text.plist.strings; name = en; path = en.lproj/InfoPlist.strings; sourceTree = "<group>"; };
		1F9BD40A15D6F44600B4D1FE /* main.m */ = {isa = PBXFileReference; lastKnownFileType = sourcecode.c.objc; path = main.m; sourceTree = "<group>"; };
		1F9BD40C15D6F44600B4D1FE /* CC12-Basic-Prefix.pch */ = {isa = PBXFileReference; lastKnownFileType = sourcecode.c.h; path = "CC12-Basic-Prefix.pch"; sourceTree = "<group>"; };
		1F9BD40D15D6F44600B4D1FE /* IOVAppDelegate.h */ = {isa = PBXFileReference; lastKnownFileType = sourcecode.c.h; path = IOVAppDelegate.h; sourceTree = "<group>"; };
		1F9BD40E15D6F44600B4D1FE /* IOVAppDelegate.m */ = {isa = PBXFileReference; lastKnownFileType = sourcecode.c.objc; path = IOVAppDelegate.m; sourceTree = "<group>"; };
		1F9BD41115D6F44600B4D1FE /* en */ = {isa = PBXFileReference; lastKnownFileType = file.storyboard; name = en; path = en.lproj/MainStoryboard.storyboard; sourceTree = "<group>"; };
		1F9BD41315D6F44600B4D1FE /* IOVViewController.h */ = {isa = PBXFileReference; lastKnownFileType = sourcecode.c.h; path = IOVViewController.h; sourceTree = "<group>"; };
		1F9BD41415D6F44600B4D1FE /* IOVViewController.m */ = {isa = PBXFileReference; lastKnownFileType = sourcecode.c.objc; path = IOVViewController.m; sourceTree = "<group>"; };
		1F9BD42315DB1E0B00B4D1FE /* CC12-Model.xcdatamodel */ = {isa = PBXFileReference; lastKnownFileType = wrapper.xcdatamodel; path = "CC12-Model.xcdatamodel"; sourceTree = "<group>"; };
		1F9BD42715DB297800B4D1FE /* _IOVTweet.h */ = {isa = PBXFileReference; fileEncoding = 4; lastKnownFileType = sourcecode.c.h; path = _IOVTweet.h; sourceTree = "<group>"; };
		1F9BD42815DB297800B4D1FE /* _IOVTweet.m */ = {isa = PBXFileReference; fileEncoding = 4; lastKnownFileType = sourcecode.c.objc; path = _IOVTweet.m; sourceTree = "<group>"; };
		1F9BD42915DB297800B4D1FE /* _IOVUser.h */ = {isa = PBXFileReference; fileEncoding = 4; lastKnownFileType = sourcecode.c.h; path = _IOVUser.h; sourceTree = "<group>"; };
		1F9BD42A15DB297800B4D1FE /* _IOVUser.m */ = {isa = PBXFileReference; fileEncoding = 4; lastKnownFileType = sourcecode.c.objc; path = _IOVUser.m; sourceTree = "<group>"; };
		1F9BD42B15DB297800B4D1FE /* IOVTweet.h */ = {isa = PBXFileReference; fileEncoding = 4; lastKnownFileType = sourcecode.c.h; path = IOVTweet.h; sourceTree = "<group>"; };
		1F9BD42C15DB297800B4D1FE /* IOVTweet.m */ = {isa = PBXFileReference; fileEncoding = 4; lastKnownFileType = sourcecode.c.objc; path = IOVTweet.m; sourceTree = "<group>"; };
		1F9BD42D15DB297800B4D1FE /* IOVUser.h */ = {isa = PBXFileReference; fileEncoding = 4; lastKnownFileType = sourcecode.c.h; path = IOVUser.h; sourceTree = "<group>"; };
		1F9BD42E15DB297800B4D1FE /* IOVUser.m */ = {isa = PBXFileReference; fileEncoding = 4; lastKnownFileType = sourcecode.c.objc; path = IOVUser.m; sourceTree = "<group>"; };
		1F9BD43315DB2CF700B4D1FE /* CoreData.framework */ = {isa = PBXFileReference; lastKnownFileType = wrapper.framework; name = CoreData.framework; path = System/Library/Frameworks/CoreData.framework; sourceTree = SDKROOT; };
		1F9BD44215E012AD00B4D1FE /* IOVTweetTableViewCell.h */ = {isa = PBXFileReference; fileEncoding = 4; lastKnownFileType = sourcecode.c.h; path = IOVTweetTableViewCell.h; sourceTree = "<group>"; };
		1F9BD44315E012AD00B4D1FE /* IOVTweetTableViewCell.m */ = {isa = PBXFileReference; fileEncoding = 4; lastKnownFileType = sourcecode.c.objc; path = IOVTweetTableViewCell.m; sourceTree = "<group>"; };
		1F9BD44515E01FBB00B4D1FE /* IOVConstants.h */ = {isa = PBXFileReference; lastKnownFileType = sourcecode.c.h; path = IOVConstants.h; sourceTree = "<group>"; };
		1F9BD44615E0221F00B4D1FE /* IOVTweetNetworkStack.h */ = {isa = PBXFileReference; fileEncoding = 4; lastKnownFileType = sourcecode.c.h; path = IOVTweetNetworkStack.h; sourceTree = "<group>"; };
		1F9BD44715E0221F00B4D1FE /* IOVTweetNetworkStack.m */ = {isa = PBXFileReference; fileEncoding = 4; lastKnownFileType = sourcecode.c.objc; path = IOVTweetNetworkStack.m; sourceTree = "<group>"; };
		1FFF61B615E149A600C7DD81 /* IOVTimelineHandler.h */ = {isa = PBXFileReference; fileEncoding = 4; lastKnownFileType = sourcecode.c.h; path = IOVTimelineHandler.h; sourceTree = "<group>"; };
		1FFF61B715E149A600C7DD81 /* IOVTimelineHandler.m */ = {isa = PBXFileReference; fileEncoding = 4; lastKnownFileType = sourcecode.c.objc; path = IOVTimelineHandler.m; sourceTree = "<group>"; };
		1FFF61B915E149C100C7DD81 /* IOVUserInfoHandler.h */ = {isa = PBXFileReference; fileEncoding = 4; lastKnownFileType = sourcecode.c.h; path = IOVUserInfoHandler.h; sourceTree = "<group>"; };
		1FFF61BA15E149C100C7DD81 /* IOVUserInfoHandler.m */ = {isa = PBXFileReference; fileEncoding = 4; lastKnownFileType = sourcecode.c.objc; path = IOVUserInfoHandler.m; sourceTree = "<group>"; };
		41DC497685BF41FE8D9C7D50 /* Pods.xcconfig */ = {isa = PBXFileReference; includeInIndex = 1; lastKnownFileType = text.xcconfig; name = Pods.xcconfig; path = ../Pods/Pods.xcconfig; sourceTree = SOURCE_ROOT; };
		ED77108C72074B9BA45CA73C /* libPods.a */ = {isa = PBXFileReference; explicitFileType = archive.ar; includeInIndex = 0; path = libPods.a; sourceTree = BUILT_PRODUCTS_DIR; };
/* End PBXFileReference section */

/* Begin PBXFrameworksBuildPhase section */
		1F9BD3F715D6F44600B4D1FE /* Frameworks */ = {
			isa = PBXFrameworksBuildPhase;
			buildActionMask = 2147483647;
			files = (
				1F9BD43415DB2CF700B4D1FE /* CoreData.framework in Frameworks */,
				1F9BD3FF15D6F44600B4D1FE /* UIKit.framework in Frameworks */,
				1F9BD40115D6F44600B4D1FE /* Foundation.framework in Frameworks */,
				1F9BD40315D6F44600B4D1FE /* CoreGraphics.framework in Frameworks */,
				F32AD36BE74145E389822329 /* libPods.a in Frameworks */,
			);
			runOnlyForDeploymentPostprocessing = 0;
		};
/* End PBXFrameworksBuildPhase section */

/* Begin PBXGroup section */
		1F9BD3EF15D6F44600B4D1FE = {
			isa = PBXGroup;
			children = (
				1F9BD40415D6F44600B4D1FE /* CC12-Basic */,
				1F9BD3FD15D6F44600B4D1FE /* Frameworks */,
				1F9BD3FB15D6F44600B4D1FE /* Products */,
				41DC497685BF41FE8D9C7D50 /* Pods.xcconfig */,
			);
			sourceTree = "<group>";
		};
		1F9BD3FB15D6F44600B4D1FE /* Products */ = {
			isa = PBXGroup;
			children = (
				1F9BD3FA15D6F44600B4D1FE /* CC12-Basic.app */,
			);
			name = Products;
			sourceTree = "<group>";
		};
		1F9BD3FD15D6F44600B4D1FE /* Frameworks */ = {
			isa = PBXGroup;
			children = (
				1F9BD43315DB2CF700B4D1FE /* CoreData.framework */,
				1F9BD3FE15D6F44600B4D1FE /* UIKit.framework */,
				1F9BD40015D6F44600B4D1FE /* Foundation.framework */,
				1F9BD40215D6F44600B4D1FE /* CoreGraphics.framework */,
				ED77108C72074B9BA45CA73C /* libPods.a */,
			);
			name = Frameworks;
			sourceTree = "<group>";
		};
		1F9BD40415D6F44600B4D1FE /* CC12-Basic */ = {
			isa = PBXGroup;
			children = (
				1F59B6B215E14FEF008EA252 /* IOVJSONHandler.h */,
				1F59B6B315E14FEF008EA252 /* IOVJSONHydrator.h */,
				1FFF61B915E149C100C7DD81 /* IOVUserInfoHandler.h */,
				1FFF61BA15E149C100C7DD81 /* IOVUserInfoHandler.m */,
				1FFF61B615E149A600C7DD81 /* IOVTimelineHandler.h */,
				1FFF61B715E149A600C7DD81 /* IOVTimelineHandler.m */,
				1F9BD44115E0128800B4D1FE /* Views */,
				1F9BD43F15E0127600B4D1FE /* Controllers */,
				1F9BD42615DB297800B4D1FE /* Model */,
				1F9BD40D15D6F44600B4D1FE /* IOVAppDelegate.h */,
				1F9BD40E15D6F44600B4D1FE /* IOVAppDelegate.m */,
				1F9BD41015D6F44600B4D1FE /* MainStoryboard.storyboard */,
				1F9BD44515E01FBB00B4D1FE /* IOVConstants.h */,
				1F9BD44615E0221F00B4D1FE /* IOVTweetNetworkStack.h */,
				1F9BD44715E0221F00B4D1FE /* IOVTweetNetworkStack.m */,
				1F9BD40515D6F44600B4D1FE /* Supporting Files */,
				1F9BD42215DB1E0B00B4D1FE /* CC12-Model.xcdatamodeld */,
			);
			path = "CC12-Basic";
			sourceTree = "<group>";
		};
		1F9BD40515D6F44600B4D1FE /* Supporting Files */ = {
			isa = PBXGroup;
			children = (
				1F9BD40615D6F44600B4D1FE /* CC12-Basic-Info.plist */,
				1F9BD40715D6F44600B4D1FE /* InfoPlist.strings */,
				1F9BD40A15D6F44600B4D1FE /* main.m */,
				1F9BD40C15D6F44600B4D1FE /* CC12-Basic-Prefix.pch */,
			);
			name = "Supporting Files";
			sourceTree = "<group>";
		};
		1F9BD42615DB297800B4D1FE /* Model */ = {
			isa = PBXGroup;
			children = (
				1F9BD42715DB297800B4D1FE /* _IOVTweet.h */,
				1F9BD42815DB297800B4D1FE /* _IOVTweet.m */,
				1F9BD42915DB297800B4D1FE /* _IOVUser.h */,
				1F9BD42A15DB297800B4D1FE /* _IOVUser.m */,
				1F9BD42B15DB297800B4D1FE /* IOVTweet.h */,
				1F9BD42C15DB297800B4D1FE /* IOVTweet.m */,
				1F9BD42D15DB297800B4D1FE /* IOVUser.h */,
				1F9BD42E15DB297800B4D1FE /* IOVUser.m */,
			);
			path = Model;
			sourceTree = "<group>";
		};
		1F9BD43F15E0127600B4D1FE /* Controllers */ = {
			isa = PBXGroup;
			children = (
				1F9BD41315D6F44600B4D1FE /* IOVViewController.h */,
				1F9BD41415D6F44600B4D1FE /* IOVViewController.m */,
			);
			name = Controllers;
			sourceTree = "<group>";
		};
		1F9BD44115E0128800B4D1FE /* Views */ = {
			isa = PBXGroup;
			children = (
				1F9BD44215E012AD00B4D1FE /* IOVTweetTableViewCell.h */,
				1F9BD44315E012AD00B4D1FE /* IOVTweetTableViewCell.m */,
			);
			name = Views;
			sourceTree = "<group>";
		};
/* End PBXGroup section */

/* Begin PBXNativeTarget section */
		1F9BD3F915D6F44600B4D1FE /* CC12-Basic */ = {
			isa = PBXNativeTarget;
			buildConfigurationList = 1F9BD41815D6F44600B4D1FE /* Build configuration list for PBXNativeTarget "CC12-Basic" */;
			buildPhases = (
				1F9BD3F615D6F44600B4D1FE /* Sources */,
				1F9BD3F715D6F44600B4D1FE /* Frameworks */,
				1F9BD3F815D6F44600B4D1FE /* Resources */,
				43880DAFC26545C6A53A00D1 /* Copy Pods Resources */,
			);
			buildRules = (
			);
			dependencies = (
			);
			name = "CC12-Basic";
			productName = "CC12-Basic";
			productReference = 1F9BD3FA15D6F44600B4D1FE /* CC12-Basic.app */;
			productType = "com.apple.product-type.application";
		};
/* End PBXNativeTarget section */

/* Begin PBXProject section */
		1F9BD3F115D6F44600B4D1FE /* Project object */ = {
			isa = PBXProject;
			attributes = {
				CLASSPREFIX = IOV;
				LastUpgradeCheck = 0440;
				ORGANIZATIONNAME = "I/O Vortex";
			};
			buildConfigurationList = 1F9BD3F415D6F44600B4D1FE /* Build configuration list for PBXProject "CC12-Basic" */;
			compatibilityVersion = "Xcode 3.2";
			developmentRegion = English;
			hasScannedForEncodings = 0;
			knownRegions = (
				en,
			);
			mainGroup = 1F9BD3EF15D6F44600B4D1FE;
			productRefGroup = 1F9BD3FB15D6F44600B4D1FE /* Products */;
			projectDirPath = "";
			projectRoot = "";
			targets = (
				1F9BD3F915D6F44600B4D1FE /* CC12-Basic */,
			);
		};
/* End PBXProject section */

/* Begin PBXResourcesBuildPhase section */
		1F9BD3F815D6F44600B4D1FE /* Resources */ = {
			isa = PBXResourcesBuildPhase;
			buildActionMask = 2147483647;
			files = (
				1F9BD40915D6F44600B4D1FE /* InfoPlist.strings in Resources */,
				1F9BD41215D6F44600B4D1FE /* MainStoryboard.storyboard in Resources */,
			);
			runOnlyForDeploymentPostprocessing = 0;
		};
/* End PBXResourcesBuildPhase section */

/* Begin PBXShellScriptBuildPhase section */
		43880DAFC26545C6A53A00D1 /* Copy Pods Resources */ = {
			isa = PBXShellScriptBuildPhase;
			buildActionMask = 2147483647;
			files = (
			);
			inputPaths = (
			);
			name = "Copy Pods Resources";
			outputPaths = (
			);
			runOnlyForDeploymentPostprocessing = 0;
			shellPath = /bin/sh;
			shellScript = "\"${SRCROOT}/../Pods/Pods-resources.sh\"\n";
		};
/* End PBXShellScriptBuildPhase section */

/* Begin PBXSourcesBuildPhase section */
		1F9BD3F615D6F44600B4D1FE /* Sources */ = {
			isa = PBXSourcesBuildPhase;
			buildActionMask = 2147483647;
			files = (
				1F9BD40B15D6F44600B4D1FE /* main.m in Sources */,
				1F9BD40F15D6F44600B4D1FE /* IOVAppDelegate.m in Sources */,
				1F9BD41515D6F44600B4D1FE /* IOVViewController.m in Sources */,
				1F9BD42415DB1E0B00B4D1FE /* CC12-Model.xcdatamodeld in Sources */,
				1F9BD42F15DB297800B4D1FE /* _IOVTweet.m in Sources */,
				1F9BD43015DB297800B4D1FE /* _IOVUser.m in Sources */,
				1F9BD43115DB297800B4D1FE /* IOVTweet.m in Sources */,
				1F9BD43215DB297800B4D1FE /* IOVUser.m in Sources */,
				1F9BD44415E012AD00B4D1FE /* IOVTweetTableViewCell.m in Sources */,
				1F9BD44815E0221F00B4D1FE /* IOVTweetNetworkStack.m in Sources */,
				1FFF61B815E149A600C7DD81 /* IOVTimelineHandler.m in Sources */,
				1FFF61BB15E149C100C7DD81 /* IOVUserInfoHandler.m in Sources */,
			);
			runOnlyForDeploymentPostprocessing = 0;
		};
/* End PBXSourcesBuildPhase section */

/* Begin PBXVariantGroup section */
		1F9BD40715D6F44600B4D1FE /* InfoPlist.strings */ = {
			isa = PBXVariantGroup;
			children = (
				1F9BD40815D6F44600B4D1FE /* en */,
			);
			name = InfoPlist.strings;
			sourceTree = "<group>";
		};
		1F9BD41015D6F44600B4D1FE /* MainStoryboard.storyboard */ = {
			isa = PBXVariantGroup;
			children = (
				1F9BD41115D6F44600B4D1FE /* en */,
			);
			name = MainStoryboard.storyboard;
			sourceTree = "<group>";
		};
/* End PBXVariantGroup section */

/* Begin XCBuildConfiguration section */
		1F9BD41615D6F44600B4D1FE /* Debug */ = {
			isa = XCBuildConfiguration;
			buildSettings = {
				ALWAYS_SEARCH_USER_PATHS = NO;
				ARCHS = "$(ARCHS_STANDARD_32_BIT)";
				CLANG_CXX_LANGUAGE_STANDARD = "gnu++0x";
				CLANG_ENABLE_OBJC_ARC = YES;
				CLANG_WARN__DUPLICATE_METHOD_MATCH = YES;
				"CODE_SIGN_IDENTITY[sdk=iphoneos*]" = "iPhone Developer";
				COPY_PHASE_STRIP = NO;
				GCC_C_LANGUAGE_STANDARD = gnu99;
				GCC_DYNAMIC_NO_PIC = NO;
				GCC_OPTIMIZATION_LEVEL = 0;
				GCC_PREPROCESSOR_DEFINITIONS = (
					"DEBUG=1",
					"$(inherited)",
				);
				GCC_SYMBOLS_PRIVATE_EXTERN = NO;
				GCC_VERSION = com.apple.compilers.llvm.clang.1_0;
				GCC_WARN_ABOUT_RETURN_TYPE = YES;
				GCC_WARN_UNINITIALIZED_AUTOS = YES;
				GCC_WARN_UNUSED_VARIABLE = YES;
				IPHONEOS_DEPLOYMENT_TARGET = 5.1;
				SDKROOT = iphoneos;
				TARGETED_DEVICE_FAMILY = 2;
			};
			name = Debug;
		};
		1F9BD41715D6F44600B4D1FE /* Release */ = {
			isa = XCBuildConfiguration;
			buildSettings = {
				ALWAYS_SEARCH_USER_PATHS = NO;
				ARCHS = "$(ARCHS_STANDARD_32_BIT)";
				CLANG_CXX_LANGUAGE_STANDARD = "gnu++0x";
				CLANG_ENABLE_OBJC_ARC = YES;
				CLANG_WARN__DUPLICATE_METHOD_MATCH = YES;
				"CODE_SIGN_IDENTITY[sdk=iphoneos*]" = "iPhone Developer";
				COPY_PHASE_STRIP = YES;
				GCC_C_LANGUAGE_STANDARD = gnu99;
				GCC_VERSION = com.apple.compilers.llvm.clang.1_0;
				GCC_WARN_ABOUT_RETURN_TYPE = YES;
				GCC_WARN_UNINITIALIZED_AUTOS = YES;
				GCC_WARN_UNUSED_VARIABLE = YES;
				IPHONEOS_DEPLOYMENT_TARGET = 5.1;
				OTHER_CFLAGS = "-DNS_BLOCK_ASSERTIONS=1";
				SDKROOT = iphoneos;
				TARGETED_DEVICE_FAMILY = 2;
				VALIDATE_PRODUCT = YES;
			};
			name = Release;
		};
		1F9BD41915D6F44600B4D1FE /* Debug */ = {
			isa = XCBuildConfiguration;
			baseConfigurationReference = 41DC497685BF41FE8D9C7D50 /* Pods.xcconfig */;
			buildSettings = {
				GCC_PRECOMPILE_PREFIX_HEADER = YES;
				GCC_PREFIX_HEADER = "CC12-Basic/CC12-Basic-Prefix.pch";
				INFOPLIST_FILE = "CC12-Basic/CC12-Basic-Info.plist";
				PRODUCT_NAME = "$(TARGET_NAME)";
				WRAPPER_EXTENSION = app;
			};
			name = Debug;
		};
		1F9BD41A15D6F44600B4D1FE /* Release */ = {
			isa = XCBuildConfiguration;
			baseConfigurationReference = 41DC497685BF41FE8D9C7D50 /* Pods.xcconfig */;
			buildSettings = {
				GCC_PRECOMPILE_PREFIX_HEADER = YES;
				GCC_PREFIX_HEADER = "CC12-Basic/CC12-Basic-Prefix.pch";
				INFOPLIST_FILE = "CC12-Basic/CC12-Basic-Info.plist";
				PRODUCT_NAME = "$(TARGET_NAME)";
				WRAPPER_EXTENSION = app;
			};
			name = Release;
		};
/* End XCBuildConfiguration section */

/* Begin XCConfigurationList section */
		1F9BD3F415D6F44600B4D1FE /* Build configuration list for PBXProject "CC12-Basic" */ = {
			isa = XCConfigurationList;
			buildConfigurations = (
				1F9BD41615D6F44600B4D1FE /* Debug */,
				1F9BD41715D6F44600B4D1FE /* Release */,
			);
			defaultConfigurationIsVisible = 0;
			defaultConfigurationName = Release;
		};
		1F9BD41815D6F44600B4D1FE /* Build configuration list for PBXNativeTarget "CC12-Basic" */ = {
			isa = XCConfigurationList;
			buildConfigurations = (
				1F9BD41915D6F44600B4D1FE /* Debug */,
				1F9BD41A15D6F44600B4D1FE /* Release */,
			);
			defaultConfigurationIsVisible = 0;
			defaultConfigurationName = Release;
		};
/* End XCConfigurationList section */

/* Begin XCVersionGroup section */
		1F9BD42215DB1E0B00B4D1FE /* CC12-Model.xcdatamodeld */ = {
			isa = XCVersionGroup;
			children = (
				1F9BD42315DB1E0B00B4D1FE /* CC12-Model.xcdatamodel */,
			);
			currentVersion = 1F9BD42315DB1E0B00B4D1FE /* CC12-Model.xcdatamodel */;
			path = "CC12-Model.xcdatamodeld";
			sourceTree = "<group>";
			versionGroupType = wrapper.xcdatamodel;
		};
/* End XCVersionGroup section */
	};
	rootObject = 1F9BD3F115D6F44600B4D1FE /* Project object */;
}
